
Microsoft Visual Studio Solution File, Format Version 12.00
# Visual Studio Version 17
VisualStudioVersion = 17.8.34322.80
MinimumVisualStudioVersion = 10.0.40219.1
Project("{FAE04EC0-301F-11D3-BF4B-00C04F79EFBC}") = "Daniel_VU_Wiky", "Daniel_VU_Wiky\Daniel_VU_Wiky.csproj", "{73AF779C-1665-415F-BDAD-A3CF97E029CA}"
EndProject
Project("{FAE04EC0-301F-11D3-BF4B-00C04F79EFBC}") = "Entities", "Entities\Entities.csproj", "{C1EFE607-8D0D-4783-A51D-B673BA7EF9F0}"
EndProject
Project("{FAE04EC0-301F-11D3-BF4B-00C04F79EFBC}") = "Repositories", "Repositories\Repositories.csproj", "{E82B0CF6-21E4-4F07-B17B-EDFC86FF7354}"
EndProject
Project("{FAE04EC0-301F-11D3-BF4B-00C04F79EFBC}") = "Repository.Contracts", "Repository.Contracts\Repository.Contracts.csproj", "{FE6F666B-87BF-44C5-99CE-1B4B748C7EF9}"
EndProject
Project("{FAE04EC0-301F-11D3-BF4B-00C04F79EFBC}") = "Services", "Services\Services.csproj", "{9B47E3E0-95CD-4E13-A137-F5A9B8F82FEC}"
EndProject
Project("{FAE04EC0-301F-11D3-BF4B-00C04F79EFBC}") = "Service.Contracts", "Service.Contracts\Service.Contracts.csproj", "{8564EFE6-92D4-462F-85D4-0C5232F71DC2}"
EndProject
Global
	GlobalSection(SolutionConfigurationPlatforms) = preSolution
		Debug|Any CPU = Debug|Any CPU
		Release|Any CPU = Release|Any CPU
	EndGlobalSection
	GlobalSection(ProjectConfigurationPlatforms) = postSolution
		{73AF779C-1665-415F-BDAD-A3CF97E029CA}.Debug|Any CPU.ActiveCfg = Debug|Any CPU
		{73AF779C-1665-415F-BDAD-A3CF97E029CA}.Debug|Any CPU.Build.0 = Debug|Any CPU
		{73AF779C-1665-415F-BDAD-A3CF97E029CA}.Release|Any CPU.ActiveCfg = Release|Any CPU
		{73AF779C-1665-415F-BDAD-A3CF97E029CA}.Release|Any CPU.Build.0 = Release|Any CPU
		{C1EFE607-8D0D-4783-A51D-B673BA7EF9F0}.Debug|Any CPU.ActiveCfg = Debug|Any CPU
		{C1EFE607-8D0D-4783-A51D-B673BA7EF9F0}.Debug|Any CPU.Build.0 = Debug|Any CPU
		{C1EFE607-8D0D-4783-A51D-B673BA7EF9F0}.Release|Any CPU.ActiveCfg = Release|Any CPU
		{C1EFE607-8D0D-4783-A51D-B673BA7EF9F0}.Release|Any CPU.Build.0 = Release|Any CPU
		{E82B0CF6-21E4-4F07-B17B-EDFC86FF7354}.Debug|Any CPU.ActiveCfg = Debug|Any CPU
		{E82B0CF6-21E4-4F07-B17B-EDFC86FF7354}.Debug|Any CPU.Build.0 = Debug|Any CPU
		{E82B0CF6-21E4-4F07-B17B-EDFC86FF7354}.Release|Any CPU.ActiveCfg = Release|Any CPU
		{E82B0CF6-21E4-4F07-B17B-EDFC86FF7354}.Release|Any CPU.Build.0 = Release|Any CPU
		{FE6F666B-87BF-44C5-99CE-1B4B748C7EF9}.Debug|Any CPU.ActiveCfg = Debug|Any CPU
		{FE6F666B-87BF-44C5-99CE-1B4B748C7EF9}.Debug|Any CPU.Build.0 = Debug|Any CPU
		{FE6F666B-87BF-44C5-99CE-1B4B748C7EF9}.Release|Any CPU.ActiveCfg = Release|Any CPU
		{FE6F666B-87BF-44C5-99CE-1B4B748C7EF9}.Release|Any CPU.Build.0 = Release|Any CPU
		{9B47E3E0-95CD-4E13-A137-F5A9B8F82FEC}.Debug|Any CPU.ActiveCfg = Debug|Any CPU
		{9B47E3E0-95CD-4E13-A137-F5A9B8F82FEC}.Debug|Any CPU.Build.0 = Debug|Any CPU
		{9B47E3E0-95CD-4E13-A137-F5A9B8F82FEC}.Release|Any CPU.ActiveCfg = Release|Any CPU
		{9B47E3E0-95CD-4E13-A137-F5A9B8F82FEC}.Release|Any CPU.Build.0 = Release|Any CPU
		{8564EFE6-92D4-462F-85D4-0C5232F71DC2}.Debug|Any CPU.ActiveCfg = Debug|Any CPU
		{8564EFE6-92D4-462F-85D4-0C5232F71DC2}.Debug|Any CPU.Build.0 = Debug|Any CPU
		{8564EFE6-92D4-462F-85D4-0C5232F71DC2}.Release|Any CPU.ActiveCfg = Release|Any CPU
		{8564EFE6-92D4-462F-85D4-0C5232F71DC2}.Release|Any CPU.Build.0 = Release|Any CPU
	EndGlobalSection
	GlobalSection(SolutionProperties) = preSolution
		HideSolutionNode = FALSE
	EndGlobalSection
	GlobalSection(ExtensibilityGlobals) = postSolution
		SolutionGuid = {D0C03C9F-D78A-4ECD-9D8D-587BA275BCA7}
	EndGlobalSection
EndGlobal
